
Microsoft Visual Studio Solution File, Format Version 12.00
# Visual Studio Version 16
VisualStudioVersion = 16.0.29306.81
MinimumVisualStudioVersion = 10.0.40219.1
Project("{9A19103F-16F7-4668-BE54-9A1E7A4F7556}") = "BrainAI", "BrainAI\BrainAI.csproj", "{05DB2824-59E4-43D8-8F96-CCB039528847}"
EndProject
Project("{9A19103F-16F7-4668-BE54-9A1E7A4F7556}") = "BrainAI.Tests", "BrainAI.Tests\BrainAI.Tests.csproj", "{A59C88BD-F2AA-4040-8980-C46A4AF96263}"
EndProject
Global
	GlobalSection(SolutionConfigurationPlatforms) = preSolution
		Debug|Any CPU = Debug|Any CPU
		Release|Any CPU = Release|Any CPU
	EndGlobalSection
	GlobalSection(ProjectConfigurationPlatforms) = postSolution
		{05DB2824-59E4-43D8-8F96-CCB039528847}.Debug|Any CPU.ActiveCfg = Debug|Any CPU
		{05DB2824-59E4-43D8-8F96-CCB039528847}.Debug|Any CPU.Build.0 = Debug|Any CPU
		{05DB2824-59E4-43D8-8F96-CCB039528847}.Release|Any CPU.ActiveCfg = Release|Any CPU
		{05DB2824-59E4-43D8-8F96-CCB039528847}.Release|Any CPU.Build.0 = Release|Any CPU
		{A59C88BD-F2AA-4040-8980-C46A4AF96263}.Debug|Any CPU.ActiveCfg = Debug|Any CPU
		{A59C88BD-F2AA-4040-8980-C46A4AF96263}.Debug|Any CPU.Build.0 = Debug|Any CPU
		{A59C88BD-F2AA-4040-8980-C46A4AF96263}.Release|Any CPU.ActiveCfg = Release|Any CPU
		{A59C88BD-F2AA-4040-8980-C46A4AF96263}.Release|Any CPU.Build.0 = Release|Any CPU
	EndGlobalSection
	GlobalSection(SolutionProperties) = preSolution
		HideSolutionNode = FALSE
	EndGlobalSection
	GlobalSection(ExtensibilityGlobals) = postSolution
		SolutionGuid = {A7D4367A-24CF-4083-BB4C-35A19E0A6B99}
	EndGlobalSection
EndGlobal
